
Microsoft Visual Studio Solution File, Format Version 12.00
# Visual Studio Version 17
VisualStudioVersion = 17.1.32421.90
MinimumVisualStudioVersion = 10.0.40219.1
Project("{FAE04EC0-301F-11D3-BF4B-00C04F79EFBC}") = "calculator", "calculator\calculator.csproj", "{916A8D5A-60C2-44A8-84E7-75ADDB27843F}"
EndProject
Global
	GlobalSection(SolutionConfigurationPlatforms) = preSolution
		Debug|Any CPU = Debug|Any CPU
		Release|Any CPU = Release|Any CPU
	EndGlobalSection
	GlobalSection(ProjectConfigurationPlatforms) = postSolution
		{916A8D5A-60C2-44A8-84E7-75ADDB27843F}.Debug|Any CPU.ActiveCfg = Debug|Any CPU
		{916A8D5A-60C2-44A8-84E7-75ADDB27843F}.Debug|Any CPU.Build.0 = Debug|Any CPU
		{916A8D5A-60C2-44A8-84E7-75ADDB27843F}.Release|Any CPU.ActiveCfg = Release|Any CPU
		{916A8D5A-60C2-44A8-84E7-75ADDB27843F}.Release|Any CPU.Build.0 = Release|Any CPU
	EndGlobalSection
	GlobalSection(SolutionProperties) = preSolution
		HideSolutionNode = FALSE
	EndGlobalSection
	GlobalSection(ExtensibilityGlobals) = postSolution
		SolutionGuid = {6FA4EDB1-6B39-4FAF-8486-CE78BDA7F706}
	EndGlobalSection
EndGlobal
